
Microsoft Visual Studio Solution File, Format Version 12.00
# Visual Studio Version 16
VisualStudioVersion = 16.0.33328.57
MinimumVisualStudioVersion = 10.0.40219.1
Project("{FAE04EC0-301F-11D3-BF4B-00C04F79EFBC}") = "courseschedule", "courseschedule\courseschedule.csproj", "{969E6D2D-4320-4C67-8D82-9D3F52D09BD8}"
EndProject
Global
	GlobalSection(SolutionConfigurationPlatforms) = preSolution
		Debug|Any CPU = Debug|Any CPU
		Release|Any CPU = Release|Any CPU
	EndGlobalSection
	GlobalSection(ProjectConfigurationPlatforms) = postSolution
		{969E6D2D-4320-4C67-8D82-9D3F52D09BD8}.Debug|Any CPU.ActiveCfg = Debug|Any CPU
		{969E6D2D-4320-4C67-8D82-9D3F52D09BD8}.Debug|Any CPU.Build.0 = Debug|Any CPU
		{969E6D2D-4320-4C67-8D82-9D3F52D09BD8}.Release|Any CPU.ActiveCfg = Release|Any CPU
		{969E6D2D-4320-4C67-8D82-9D3F52D09BD8}.Release|Any CPU.Build.0 = Release|Any CPU
	EndGlobalSection
	GlobalSection(SolutionProperties) = preSolution
		HideSolutionNode = FALSE
	EndGlobalSection
	GlobalSection(ExtensibilityGlobals) = postSolution
		SolutionGuid = {19EDFBC9-E925-43FD-B148-E034E3DAB452}
	EndGlobalSection
EndGlobal
